PODS:
  - EMVoiceConvert (0.1.0)
  - Flutter (1.0.0)
  - Hyphenate (3.7.3)
  - im_flutter_sdk (0.0.1):
    - Flutter
    - Hyphenate (~> 3.7.3)
  - image_picker (0.0.1):
    - Flutter
  - keyboard_visibility (0.5.0):
    - Flutter
    - Reachability
  - path_provider (0.0.1):
    - Flutter
  - "permission_handler (5.0.1+1)":
    - Flutter
  - Reachability (3.2)
  - record_amr (0.0.1):
    - EMVoiceConvert
    - Flutter
  - shared_preferences (0.0.1):
    - Flutter

DEPENDENCIES:
  - Flutter (from `Flutter`)
  - im_flutter_sdk (from `.symlinks/plugins/im_flutter_sdk/ios`)
  - image_picker (from `.symlinks/plugins/image_picker/ios`)
  - keyboard_visibility (from `.symlinks/plugins/keyboard_visibility/ios`)
  - path_provider (from `.symlinks/plugins/path_provider/ios`)
  - permission_handler (from `.symlinks/plugins/permission_handler/ios`)
  - record_amr (from `.symlinks/plugins/record_amr/ios`)
  - shared_preferences (from `.symlinks/plugins/shared_preferences/ios`)

SPEC REPOS:
  trunk:
    - EMVoiceConvert
    - Hyphenate
    - Reachability

EXTERNAL SOURCES:
  Flutter:
    :path: Flutter
  im_flutter_sdk:
    :path: ".symlinks/plugins/im_flutter_sdk/ios"
  image_picker:
    :path: ".symlinks/plugins/image_picker/ios"
  keyboard_visibility:
    :path: ".symlinks/plugins/keyboard_visibility/ios"
  path_provider:
    :path: ".symlinks/plugins/path_provider/ios"
  permission_handler:
    :path: ".symlinks/plugins/permission_handler/ios"
  record_amr:
    :path: ".symlinks/plugins/record_amr/ios"
  shared_preferences:
    :path: ".symlinks/plugins/shared_preferences/ios"

SPEC CHECKSUMS:
  EMVoiceConvert: 32a0eaada94d93c151a5abd53ee174cd4e63b01f
  Flutter: 0e3d915762c693b495b44d77113d4970485de6ec
  Hyphenate: 753da9ba8faf8c222e09a463c99983f29f47aa13
  im_flutter_sdk: 85398877680a154f30994475ce16324b88719c1d
  image_picker: 9c3312491f862b28d21ecd8fdf0ee14e601b3f09
  keyboard_visibility: 96a24de806fe6823c3ad956c01ba2ec6d056616f
  path_provider: abfe2b5c733d04e238b0d8691db0cfd63a27a93c
  permission_handler: eac8e15b4a1a3fba55b761d19f3f4e6b005d15b6
  Reachability: 33e18b67625424e47b6cde6d202dce689ad7af96
  record_amr: d389f8c418472c80fe0ccd8c4c528c7bc757c9c8
  shared_preferences: af6bfa751691cdc24be3045c43ec037377ada40d

PODFILE CHECKSUM: b0c49dc471fd0bfbe67e228217f136c302f6f890

COCOAPODS: 1.10.0
